
Microsoft Visual Studio Solution File, Format Version 12.00
# Visual Studio Version 17
VisualStudioVersion = 17.4.33213.308
MinimumVisualStudioVersion = 10.0.40219.1
Project("{FAE04EC0-301F-11D3-BF4B-00C04F79EFBC}") = "zipthis", "zipthis\zipthis.csproj", "{3AC63BD1-F9A0-4995-82D9-A289CB2751AA}"
EndProject
Global
	GlobalSection(SolutionConfigurationPlatforms) = preSolution
		Debug|Any CPU = Debug|Any CPU
		Release|Any CPU = Release|Any CPU
	EndGlobalSection
	GlobalSection(ProjectConfigurationPlatforms) = postSolution
		{3AC63BD1-F9A0-4995-82D9-A289CB2751AA}.Debug|Any CPU.ActiveCfg = Debug|Any CPU
		{3AC63BD1-F9A0-4995-82D9-A289CB2751AA}.Debug|Any CPU.Build.0 = Debug|Any CPU
		{3AC63BD1-F9A0-4995-82D9-A289CB2751AA}.Release|Any CPU.ActiveCfg = Release|Any CPU
		{3AC63BD1-F9A0-4995-82D9-A289CB2751AA}.Release|Any CPU.Build.0 = Release|Any CPU
	EndGlobalSection
	GlobalSection(SolutionProperties) = preSolution
		HideSolutionNode = FALSE
	EndGlobalSection
	GlobalSection(ExtensibilityGlobals) = postSolution
		SolutionGuid = {804F6855-B070-47CD-AEA1-44E544A07873}
	EndGlobalSection
EndGlobal
